
Microsoft Visual Studio Solution File, Format Version 12.00
# Visual Studio Version 17
VisualStudioVersion = 17.10.35013.160
MinimumVisualStudioVersion = 10.0.40219.1
Project("{9A19103F-16F7-4668-BE54-9A1E7A4F7556}") = "7Boom_RR", "7Boom_RR\7Boom_RR.csproj", "{16A369D1-2DFD-445C-943C-BEEB7CFA9EF9}"
EndProject
Global
	GlobalSection(SolutionConfigurationPlatforms) = preSolution
		Debug|Any CPU = Debug|Any CPU
		Release|Any CPU = Release|Any CPU
	EndGlobalSection
	GlobalSection(ProjectConfigurationPlatforms) = postSolution
		{16A369D1-2DFD-445C-943C-BEEB7CFA9EF9}.Debug|Any CPU.ActiveCfg = Debug|Any CPU
		{16A369D1-2DFD-445C-943C-BEEB7CFA9EF9}.Debug|Any CPU.Build.0 = Debug|Any CPU
		{16A369D1-2DFD-445C-943C-BEEB7CFA9EF9}.Release|Any CPU.ActiveCfg = Release|Any CPU
		{16A369D1-2DFD-445C-943C-BEEB7CFA9EF9}.Release|Any CPU.Build.0 = Release|Any CPU
	EndGlobalSection
	GlobalSection(SolutionProperties) = preSolution
		HideSolutionNode = FALSE
	EndGlobalSection
	GlobalSection(ExtensibilityGlobals) = postSolution
		SolutionGuid = {2700804A-EA9A-41CA-9471-F65401ACDB67}
	EndGlobalSection
EndGlobal
